# This file is automatically @generated by Cargo.
# It is not intended for manual editing.
version = 3

[[package]]
name = "cfg-if"
version = "1.0.0"
source = "registry+https://github.com/rust-lang/crates.io-index"
checksum = "baf1de4339761588bc0619e3cbc0120ee582ebb74b53b4efbf79117bd2da40fd"

[[package]]
name = "crunchy"
version = "0.2.2"
source = "registry+https://github.com/rust-lang/crates.io-index"
checksum = "7a81dae078cea95a014a339291cec439d2f232ebe854a9d672b796c6afafa9b7"

[[package]]
name = "poly_invariant_proof"
version = "0.1.0"
dependencies = [
 "tiny-keccak",
]

[[package]]
name = "tiny-keccak"
version = "2.0.2"
source = "git+https://github.com/sp1-patches/tiny-keccak?branch=patch-v2.0.2#aa70bacdfece9dc7ea4936f808887c43a09b3b0a"
dependencies = [
 "cfg-if",
 "crunchy",
]
